
Microsoft Visual Studio Solution File, Format Version 9.00
# Visual Studio 2005
Project("{8BC9CEB8-8B4A-11D0-8D11-00A0C91BC942}") = "CsTI", "CsTI\CsTI.vcproj", "{F5BAE5A3-CBBB-4D99-A4A9-FC10899AA085}"
EndProject
Global
	GlobalSection(SolutionConfigurationPlatforms) = preSolution
		Debug|Win32 = Debug|Win32
		Release|Win32 = Release|Win32
	EndGlobalSection
	GlobalSection(ProjectConfigurationPlatforms) = postSolution
		{F5BAE5A3-CBBB-4D99-A4A9-FC10899AA085}.Debug|Win32.ActiveCfg = Debug|Win32
		{F5BAE5A3-CBBB-4D99-A4A9-FC10899AA085}.Debug|Win32.Build.0 = Debug|Win32
		{F5BAE5A3-CBBB-4D99-A4A9-FC10899AA085}.Release|Win32.ActiveCfg = Release|Win32
		{F5BAE5A3-CBBB-4D99-A4A9-FC10899AA085}.Release|Win32.Build.0 = Release|Win32
	EndGlobalSection
	GlobalSection(SolutionProperties) = preSolution
		HideSolutionNode = FALSE
	EndGlobalSection
EndGlobal
